// !$*UTF8*$!
{
	archiveVersion = 1;
	classes = {
	};
	objectVersion = 46;
	objects = {

/* Begin PBXBuildFile section */
		780255811CE4CABA001F99CF /* AppDelegate.swift in Sources */ = {isa = PBXBuildFile; fileRef = 780255801CE4CABA001F99CF /* AppDelegate.swift */; };
		780255831CE4CABA001F99CF /* KaraokeViewController.swift in Sources */ = {isa = PBXBuildFile; fileRef = 780255821CE4CABA001F99CF /* KaraokeViewController.swift */; };
		780255861CE4CABA001F99CF /* Main.storyboard in Resources */ = {isa = PBXBuildFile; fileRef = 780255841CE4CABA001F99CF /* Main.storyboard */; };
		780255891CE4CABA001F99CF /* JamKaraoke.xcdatamodeld in Sources */ = {isa = PBXBuildFile; fileRef = 780255871CE4CABA001F99CF /* JamKaraoke.xcdatamodeld */; };
		7802558B1CE4CABA001F99CF /* Assets.xcassets in Resources */ = {isa = PBXBuildFile; fileRef = 7802558A1CE4CABA001F99CF /* Assets.xcassets */; };
		7802558E1CE4CABA001F99CF /* LaunchScreen.storyboard in Resources */ = {isa = PBXBuildFile; fileRef = 7802558C1CE4CABA001F99CF /* LaunchScreen.storyboard */; };
		780255971CE4CDDD001F99CF /* dontstopbelievinjourney.mp3 in Resources */ = {isa = PBXBuildFile; fileRef = 780255961CE4CDDD001F99CF /* dontstopbelievinjourney.mp3 */; };
		780255991CE4CE8E001F99CF /* SongBookTableViewController.swift in Sources */ = {isa = PBXBuildFile; fileRef = 780255981CE4CE8E001F99CF /* SongBookTableViewController.swift */; };
		7802559F1CE4D7E1001F99CF /* uptownfunk.mp3 in Resources */ = {isa = PBXBuildFile; fileRef = 7802559E1CE4D7E1001F99CF /* uptownfunk.mp3 */; };
		780255A11CE4D862001F99CF /* Song.swift in Sources */ = {isa = PBXBuildFile; fileRef = 780255A01CE4D862001F99CF /* Song.swift */; };
/* End PBXBuildFile section */

/* Begin PBXFileReference section */
		7802557D1CE4CABA001F99CF /* JamKaraoke.app */ = {isa = PBXFileReference; explicitFileType = wrapper.application; includeInIndex = 0; path = JamKaraoke.app; sourceTree = BUILT_PRODUCTS_DIR; };
		780255801CE4CABA001F99CF /* AppDelegate.swift */ = {isa = PBXFileReference; lastKnownFileType = sourcecode.swift; path = AppDelegate.swift; sourceTree = "<group>"; };
		780255821CE4CABA001F99CF /* KaraokeViewController.swift */ = {isa = PBXFileReference; lastKnownFileType = sourcecode.swift; path = KaraokeViewController.swift; sourceTree = "<group>"; };
		780255851CE4CABA001F99CF /* Base */ = {isa = PBXFileReference; lastKnownFileType = file.storyboard; name = Base; path = Base.lproj/Main.storyboard; sourceTree = "<group>"; };
		780255881CE4CABA001F99CF /* JamKaraoke.xcdatamodel */ = {isa = PBXFileReference; lastKnownFileType = wrapper.xcdatamodel; path = JamKaraoke.xcdatamodel; sourceTree = "<group>"; };
		7802558A1CE4CABA001F99CF /* Assets.xcassets */ = {isa = PBXFileReference; lastKnownFileType = folder.assetcatalog; path = Assets.xcassets; sourceTree = "<group>"; };
		7802558D1CE4CABA001F99CF /* Base */ = {isa = PBXFileReference; lastKnownFileType = file.storyboard; name = Base; path = Base.lproj/LaunchScreen.storyboard; sourceTree = "<group>"; };
		7802558F1CE4CABA001F99CF /* Info.plist */ = {isa = PBXFileReference; lastKnownFileType = text.plist.xml; path = Info.plist; sourceTree = "<group>"; };
		780255961CE4CDDD001F99CF /* dontstopbelievinjourney.mp3 */ = {isa = PBXFileReference; lastKnownFileType = audio.mp3; path = dontstopbelievinjourney.mp3; sourceTree = "<group>"; };
		780255981CE4CE8E001F99CF /* SongBookTableViewController.swift */ = {isa = PBXFileReference; fileEncoding = 4; lastKnownFileType = sourcecode.swift; path = SongBookTableViewController.swift; sourceTree = "<group>"; };
		7802559E1CE4D7E1001F99CF /* uptownfunk.mp3 */ = {isa = PBXFileReference; lastKnownFileType = audio.mp3; path = uptownfunk.mp3; sourceTree = "<group>"; };
		780255A01CE4D862001F99CF /* Song.swift */ = {isa = PBXFileReference; fileEncoding = 4; lastKnownFileType = sourcecode.swift; path = Song.swift; sourceTree = "<group>"; };
/* End PBXFileReference section */

/* Begin PBXFrameworksBuildPhase section */
		7802557A1CE4CABA001F99CF /* Frameworks */ = {
			isa = PBXFrameworksBuildPhase;
			buildActionMask = 2147483647;
			files = (
			);
			runOnlyForDeploymentPostprocessing = 0;
		};
/* End PBXFrameworksBuildPhase section */

/* Begin PBXGroup section */
		780255741CE4CABA001F99CF = {
			isa = PBXGroup;
			children = (
				7802557F1CE4CABA001F99CF /* JamKaraoke */,
				7802557E1CE4CABA001F99CF /* Products */,
			);
			sourceTree = "<group>";
		};
		7802557E1CE4CABA001F99CF /* Products */ = {
			isa = PBXGroup;
			children = (
				7802557D1CE4CABA001F99CF /* JamKaraoke.app */,
			);
			name = Products;
			sourceTree = "<group>";
		};
		7802557F1CE4CABA001F99CF /* JamKaraoke */ = {
			isa = PBXGroup;
			children = (
				780255981CE4CE8E001F99CF /* SongBookTableViewController.swift */,
				780255821CE4CABA001F99CF /* KaraokeViewController.swift */,
				780255A01CE4D862001F99CF /* Song.swift */,
				780255841CE4CABA001F99CF /* Main.storyboard */,
				780255961CE4CDDD001F99CF /* dontstopbelievinjourney.mp3 */,
				7802559E1CE4D7E1001F99CF /* uptownfunk.mp3 */,
				780255951CE4CB36001F99CF /* Supporting Files */,
			);
			path = JamKaraoke;
			sourceTree = "<group>";
		};
		780255951CE4CB36001F99CF /* Supporting Files */ = {
			isa = PBXGroup;
			children = (
				780255801CE4CABA001F99CF /* AppDelegate.swift */,
				7802558A1CE4CABA001F99CF /* Assets.xcassets */,
				7802558C1CE4CABA001F99CF /* LaunchScreen.storyboard */,
				7802558F1CE4CABA001F99CF /* Info.plist */,
				780255871CE4CABA001F99CF /* JamKaraoke.xcdatamodeld */,
			);
			name = "Supporting Files";
			sourceTree = "<group>";
		};
/* End PBXGroup section */

/* Begin PBXNativeTarget section */
		7802557C1CE4CABA001F99CF /* JamKaraoke */ = {
			isa = PBXNativeTarget;
			buildConfigurationList = 780255921CE4CABA001F99CF /* Build configuration list for PBXNativeTarget "JamKaraoke" */;
			buildPhases = (
				780255791CE4CABA001F99CF /* Sources */,
				7802557A1CE4CABA001F99CF /* Frameworks */,
				7802557B1CE4CABA001F99CF /* Resources */,
			);
			buildRules = (
			);
			dependencies = (
			);
			name = JamKaraoke;
			productName = JamKaraoke;
			productReference = 7802557D1CE4CABA001F99CF /* JamKaraoke.app */;
			productType = "com.apple.product-type.application";
		};
/* End PBXNativeTarget section */

/* Begin PBXProject section */
		780255751CE4CABA001F99CF /* Project object */ = {
			isa = PBXProject;
			attributes = {
				LastSwiftUpdateCheck = 0730;
				LastUpgradeCheck = 0730;
				ORGANIZATIONNAME = "Jamaal Sedayao";
				TargetAttributes = {
					7802557C1CE4CABA001F99CF = {
						CreatedOnToolsVersion = 7.3.1;
						DevelopmentTeam = Z368FJ9ZFJ;
					};
				};
			};
			buildConfigurationList = 780255781CE4CABA001F99CF /* Build configuration list for PBXProject "JamKaraoke" */;
			compatibilityVersion = "Xcode 3.2";
			developmentRegion = English;
			hasScannedForEncodings = 0;
			knownRegions = (
				en,
				Base,
			);
			mainGroup = 780255741CE4CABA001F99CF;
			productRefGroup = 7802557E1CE4CABA001F99CF /* Products */;
			projectDirPath = "";
			projectRoot = "";
			targets = (
				7802557C1CE4CABA001F99CF /* JamKaraoke */,
			);
		};
/* End PBXProject section */

/* Begin PBXResourcesBuildPhase section */
		7802557B1CE4CABA001F99CF /* Resources */ = {
			isa = PBXResourcesBuildPhase;
			buildActionMask = 2147483647;
			files = (
				7802558E1CE4CABA001F99CF /* LaunchScreen.storyboard in Resources */,
				7802558B1CE4CABA001F99CF /* Assets.xcassets in Resources */,
				780255971CE4CDDD001F99CF /* dontstopbelievinjourney.mp3 in Resources */,
				780255861CE4CABA001F99CF /* Main.storyboard in Resources */,
				7802559F1CE4D7E1001F99CF /* uptownfunk.mp3 in Resources */,
			);
			runOnlyForDeploymentPostprocessing = 0;
		};
/* End PBXResourcesBuildPhase section */

/* Begin PBXSourcesBuildPhase section */
		780255791CE4CABA001F99CF /* Sources */ = {
			isa = PBXSourcesBuildPhase;
			buildActionMask = 2147483647;
			files = (
				780255A11CE4D862001F99CF /* Song.swift in Sources */,
				780255831CE4CABA001F99CF /* KaraokeViewController.swift in Sources */,
				780255891CE4CABA001F99CF /* JamKaraoke.xcdatamodeld in Sources */,
				780255811CE4CABA001F99CF /* AppDelegate.swift in Sources */,
				780255991CE4CE8E001F99CF /* SongBookTableViewController.swift in Sources */,
			);
			runOnlyForDeploymentPostprocessing = 0;
		};
/* End PBXSourcesBuildPhase section */

/* Begin PBXVariantGroup section */
		780255841CE4CABA001F99CF /* Main.storyboard */ = {
			isa = PBXVariantGroup;
			children = (
				780255851CE4CABA001F99CF /* Base */,
			);
			name = Main.storyboard;
			sourceTree = "<group>";
		};
		7802558C1CE4CABA001F99CF /* LaunchScreen.storyboard */ = {
			isa = PBXVariantGroup;
			children = (
				7802558D1CE4CABA001F99CF /* Base */,
			);
			name = LaunchScreen.storyboard;
			sourceTree = "<group>";
		};
/* End PBXVariantGroup section */

/* Begin XCBuildConfiguration section */
		780255901CE4CABA001F99CF /* Debug */ = {
			isa = XCBuildConfiguration;
			buildSettings = {
				ALWAYS_SEARCH_USER_PATHS = NO;
				CLANG_ANALYZER_NONNULL = YES;
				CLANG_CXX_LANGUAGE_STANDARD = "gnu++0x";
				CLANG_CXX_LIBRARY = "libc++";
				CLANG_ENABLE_MODULES = YES;
				CLANG_ENABLE_OBJC_ARC = YES;
				CLANG_WARN_BOOL_CONVERSION = YES;
				CLANG_WARN_CONSTANT_CONVERSION = YES;
				CLANG_WARN_DIRECT_OBJC_ISA_USAGE = YES_ERROR;
				CLANG_WARN_EMPTY_BODY = YES;
				CLANG_WARN_ENUM_CONVERSION = YES;
				CLANG_WARN_INT_CONVERSION = YES;
				CLANG_WARN_OBJC_ROOT_CLASS = YES_ERROR;
				CLANG_WARN_UNREACHABLE_CODE = YES;
				CLANG_WARN__DUPLICATE_METHOD_MATCH = YES;
				"CODE_SIGN_IDENTITY[sdk=iphoneos*]" = "iPhone Developer";
				COPY_PHASE_STRIP = NO;
				DEBUG_INFORMATION_FORMAT = dwarf;
				ENABLE_STRICT_OBJC_MSGSEND = YES;
				ENABLE_TESTABILITY = YES;
				GCC_C_LANGUAGE_STANDARD = gnu99;
				GCC_DYNAMIC_NO_PIC = NO;
				GCC_NO_COMMON_BLOCKS = YES;
				GCC_OPTIMIZATION_LEVEL = 0;
				GCC_PREPROCESSOR_DEFINITIONS = (
					"DEBUG=1",
					"$(inherited)",
				);
				GCC_WARN_64_TO_32_BIT_CONVERSION = YES;
				GCC_WARN_ABOUT_RETURN_TYPE = YES_ERROR;
				GCC_WARN_UNDECLARED_SELECTOR = YES;
				GCC_WARN_UNINITIALIZED_AUTOS = YES_AGGRESSIVE;
				GCC_WARN_UNUSED_FUNCTION = YES;
				GCC_WARN_UNUSED_VARIABLE = YES;
				IPHONEOS_DEPLOYMENT_TARGET = 9.3;
				MTL_ENABLE_DEBUG_INFO = YES;
				ONLY_ACTIVE_ARCH = YES;
				SDKROOT = iphoneos;
				SWIFT_OPTIMIZATION_LEVEL = "-Onone";
			};
			name = Debug;
		};
		780255911CE4CABA001F99CF /* Release */ = {
			isa = XCBuildConfiguration;
			buildSettings = {
				ALWAYS_SEARCH_USER_PATHS = NO;
				CLANG_ANALYZER_NONNULL = YES;
				CLANG_CXX_LANGUAGE_STANDARD = "gnu++0x";
				CLANG_CXX_LIBRARY = "libc++";
				CLANG_ENABLE_MODULES = YES;
				CLANG_ENABLE_OBJC_ARC = YES;
				CLANG_WARN_BOOL_CONVERSION = YES;
				CLANG_WARN_CONSTANT_CONVERSION = YES;
				CLANG_WARN_DIRECT_OBJC_ISA_USAGE = YES_ERROR;
				CLANG_WARN_EMPTY_BODY = YES;
				CLANG_WARN_ENUM_CONVERSION = YES;
				CLANG_WARN_INT_CONVERSION = YES;
				CLANG_WARN_OBJC_ROOT_CLASS = YES_ERROR;
				CLANG_WARN_UNREACHABLE_CODE = YES;
				CLANG_WARN__DUPLICATE_METHOD_MATCH = YES;
				"CODE_SIGN_IDENTITY[sdk=iphoneos*]" = "iPhone Developer";
				COPY_PHASE_STRIP = NO;
				DEBUG_INFORMATION_FORMAT = "dwarf-with-dsym";
				ENABLE_NS_ASSERTIONS = NO;
				ENABLE_STRICT_OBJC_MSGSEND = YES;
				GCC_C_LANGUAGE_STANDARD = gnu99;
				GCC_NO_COMMON_BLOCKS = YES;
				GCC_WARN_64_TO_32_BIT_CONVERSION = YES;
				GCC_WARN_ABOUT_RETURN_TYPE = YES_ERROR;
				GCC_WARN_UNDECLARED_SELECTOR = YES;
				GCC_WARN_UNINITIALIZED_AUTOS = YES_AGGRESSIVE;
				GCC_WARN_UNUSED_FUNCTION = YES;
				GCC_WARN_UNUSED_VARIABLE = YES;
				IPHONEOS_DEPLOYMENT_TARGET = 9.3;
				MTL_ENABLE_DEBUG_INFO = NO;
				SDKROOT = iphoneos;
				VALIDATE_PRODUCT = YES;
			};
			name = Release;
		};
		780255931CE4CABA001F99CF /* Debug */ = {
			isa = XCBuildConfiguration;
			buildSettings = {
				ASSETCATALOG_COMPILER_APPICON_NAME = AppIcon;
				CODE_SIGN_IDENTITY = "iPhone Developer";
				"CODE_SIGN_IDENTITY[sdk=iphoneos*]" = "iPhone Developer";
				INFOPLIST_FILE = JamKaraoke/Info.plist;
				LD_RUNPATH_SEARCH_PATHS = "$(inherited) @executable_path/Frameworks";
				PRODUCT_BUNDLE_IDENTIFIER = com.jamaalsedayao.JamKaraoke;
				PRODUCT_NAME = "$(TARGET_NAME)";
				PROVISIONING_PROFILE = "";
			};
			name = Debug;
		};
		780255941CE4CABA001F99CF /* Release */ = {
			isa = XCBuildConfiguration;
			buildSettings = {
				ASSETCATALOG_COMPILER_APPICON_NAME = AppIcon;
				CODE_SIGN_IDENTITY = "iPhone Developer";
				"CODE_SIGN_IDENTITY[sdk=iphoneos*]" = "iPhone Developer";
				INFOPLIST_FILE = JamKaraoke/Info.plist;
				LD_RUNPATH_SEARCH_PATHS = "$(inherited) @executable_path/Frameworks";
				PRODUCT_BUNDLE_IDENTIFIER = com.jamaalsedayao.JamKaraoke;
				PRODUCT_NAME = "$(TARGET_NAME)";
				PROVISIONING_PROFILE = "";
			};
			name = Release;
		};
/* End XCBuildConfiguration section */

/* Begin XCConfigurationList section */
		780255781CE4CABA001F99CF /* Build configuration list for PBXProject "JamKaraoke" */ = {
			isa = XCConfigurationList;
			buildConfigurations = (
				780255901CE4CABA001F99CF /* Debug */,
				780255911CE4CABA001F99CF /* Release */,
			);
			defaultConfigurationIsVisible = 0;
			defaultConfigurationName = Release;
		};
		780255921CE4CABA001F99CF /* Build configuration list for PBXNativeTarget "JamKaraoke" */ = {
			isa = XCConfigurationList;
			buildConfigurations = (
				780255931CE4CABA001F99CF /* Debug */,
				780255941CE4CABA001F99CF /* Release */,
			);
			defaultConfigurationIsVisible = 0;
		};
/* End XCConfigurationList section */

/* Begin XCVersionGroup section */
		780255871CE4CABA001F99CF /* JamKaraoke.xcdatamodeld */ = {
			isa = XCVersionGroup;
			children = (
				780255881CE4CABA001F99CF /* JamKaraoke.xcdatamodel */,
			);
			currentVersion = 780255881CE4CABA001F99CF /* JamKaraoke.xcdatamodel */;
			path = JamKaraoke.xcdatamodeld;
			sourceTree = "<group>";
			versionGroupType = wrapper.xcdatamodel;
		};
/* End XCVersionGroup section */
	};
	rootObject = 780255751CE4CABA001F99CF /* Project object */;
}
